
Microsoft Visual Studio Solution File, Format Version 12.00
# Visual Studio 15
VisualStudioVersion = 15.0.27703.2042
MinimumVisualStudioVersion = 10.0.40219.1
Project("{FAE04EC0-301F-11D3-BF4B-00C04F79EFBC}") = "day20azurefunction", "day20azurefunction\day20azurefunction.csproj", "{4EB9C0CB-A7A6-4D65-9512-0179D9EB3D31}"
EndProject
Global
	GlobalSection(SolutionConfigurationPlatforms) = preSolution
		Debug|Any CPU = Debug|Any CPU
		Release|Any CPU = Release|Any CPU
	EndGlobalSection
	GlobalSection(ProjectConfigurationPlatforms) = postSolution
		{4EB9C0CB-A7A6-4D65-9512-0179D9EB3D31}.Debug|Any CPU.ActiveCfg = Debug|Any CPU
		{4EB9C0CB-A7A6-4D65-9512-0179D9EB3D31}.Debug|Any CPU.Build.0 = Debug|Any CPU
		{4EB9C0CB-A7A6-4D65-9512-0179D9EB3D31}.Release|Any CPU.ActiveCfg = Release|Any CPU
		{4EB9C0CB-A7A6-4D65-9512-0179D9EB3D31}.Release|Any CPU.Build.0 = Release|Any CPU
	EndGlobalSection
	GlobalSection(SolutionProperties) = preSolution
		HideSolutionNode = FALSE
	EndGlobalSection
	GlobalSection(ExtensibilityGlobals) = postSolution
		SolutionGuid = {600844AE-6E1C-448D-816B-E574AEB3CFC5}
	EndGlobalSection
EndGlobal
